
Microsoft Visual Studio Solution File, Format Version 12.00
# Visual Studio Version 17
VisualStudioVersion = 17.14.36915.13
MinimumVisualStudioVersion = 10.0.40219.1
Project("{FAE04EC0-301F-11D3-BF4B-00C04F79EFBC}") = "04.Methods-Exercise", "04.Methods-Exercise.csproj", "{94970233-5CD0-40A7-9331-84A44C1DAAF9}"
EndProject
Project("{FAE04EC0-301F-11D3-BF4B-00C04F79EFBC}") = "01.SmallestOfThreeNumbers", "..\01.SmallestOfThreeNumbers\01.SmallestOfThreeNumbers.csproj", "{EE7BE488-1420-4539-8312-7544541D0E72}"
EndProject
Project("{FAE04EC0-301F-11D3-BF4B-00C04F79EFBC}") = "02.VowelsCount", "..\02.VowelsCount\02.VowelsCount.csproj", "{B080B480-2984-4F25-A1A2-CD3BEA28FCB1}"
EndProject
Project("{FAE04EC0-301F-11D3-BF4B-00C04F79EFBC}") = "03.CharactersInRange", "..\03.CharactersInRange\03.CharactersInRange.csproj", "{F0B05144-1EDE-4E79-8151-ABD3A1BCE8B7}"
EndProject
Project("{FAE04EC0-301F-11D3-BF4B-00C04F79EFBC}") = "04.PasswordValidator", "..\04.PasswordValidator\04.PasswordValidator.csproj", "{0D6894A2-7FEC-4795-8FD0-DA1614513A8C}"
EndProject
Project("{FAE04EC0-301F-11D3-BF4B-00C04F79EFBC}") = "05.AddАndSubtract", "..\05.AddАndSubtract\05.AddАndSubtract.csproj", "{1D1CBDED-F895-42B7-A4B4-3D60F49058E5}"
EndProject
Project("{FAE04EC0-301F-11D3-BF4B-00C04F79EFBC}") = "06.MiddleCharacters", "..\06.MiddleCharacters\06.MiddleCharacters.csproj", "{C302EC9E-4B2F-4666-8E4B-7C22E31A77C1}"
EndProject
Project("{FAE04EC0-301F-11D3-BF4B-00C04F79EFBC}") = "07.NxNMatrix", "..\07.NxNMatrix\07.NxNMatrix.csproj", "{ACA5B222-9CCC-416F-8CE6-0493DBFC0F4F}"
EndProject
Project("{FAE04EC0-301F-11D3-BF4B-00C04F79EFBC}") = "08.FactorialDivision", "..\08.FactorialDivision\08.FactorialDivision.csproj", "{DD0BFBF7-BF36-4FA5-A663-F423F95C3F07}"
EndProject
Project("{FAE04EC0-301F-11D3-BF4B-00C04F79EFBC}") = "09.PalindromeIntegers", "..\09.PalindromeIntegers\09.PalindromeIntegers.csproj", "{08A0FDCA-11DB-4E55-AF5E-452853DD9766}"
EndProject
Project("{FAE04EC0-301F-11D3-BF4B-00C04F79EFBC}") = "10.TopNumber", "..\10.TopNumber\10.TopNumber.csproj", "{F97A6C0E-DF53-4D22-84D4-252F07F1079F}"
EndProject
Project("{FAE04EC0-301F-11D3-BF4B-00C04F79EFBC}") = "11.ArrayManipulator", "..\11.ArrayManipulator\11.ArrayManipulator.csproj", "{E956FB5C-017A-4192-B175-3EEC5D943A31}"
EndProject
Global
	GlobalSection(SolutionConfigurationPlatforms) = preSolution
		Debug|Any CPU = Debug|Any CPU
		Release|Any CPU = Release|Any CPU
	EndGlobalSection
	GlobalSection(ProjectConfigurationPlatforms) = postSolution
		{94970233-5CD0-40A7-9331-84A44C1DAAF9}.Debug|Any CPU.ActiveCfg = Debug|Any CPU
		{94970233-5CD0-40A7-9331-84A44C1DAAF9}.Debug|Any CPU.Build.0 = Debug|Any CPU
		{94970233-5CD0-40A7-9331-84A44C1DAAF9}.Release|Any CPU.ActiveCfg = Release|Any CPU
		{94970233-5CD0-40A7-9331-84A44C1DAAF9}.Release|Any CPU.Build.0 = Release|Any CPU
		{EE7BE488-1420-4539-8312-7544541D0E72}.Debug|Any CPU.ActiveCfg = Debug|Any CPU
		{EE7BE488-1420-4539-8312-7544541D0E72}.Debug|Any CPU.Build.0 = Debug|Any CPU
		{EE7BE488-1420-4539-8312-7544541D0E72}.Release|Any CPU.ActiveCfg = Release|Any CPU
		{EE7BE488-1420-4539-8312-7544541D0E72}.Release|Any CPU.Build.0 = Release|Any CPU
		{B080B480-2984-4F25-A1A2-CD3BEA28FCB1}.Debug|Any CPU.ActiveCfg = Debug|Any CPU
		{B080B480-2984-4F25-A1A2-CD3BEA28FCB1}.Debug|Any CPU.Build.0 = Debug|Any CPU
		{B080B480-2984-4F25-A1A2-CD3BEA28FCB1}.Release|Any CPU.ActiveCfg = Release|Any CPU
		{B080B480-2984-4F25-A1A2-CD3BEA28FCB1}.Release|Any CPU.Build.0 = Release|Any CPU
		{F0B05144-1EDE-4E79-8151-ABD3A1BCE8B7}.Debug|Any CPU.ActiveCfg = Debug|Any CPU
		{F0B05144-1EDE-4E79-8151-ABD3A1BCE8B7}.Debug|Any CPU.Build.0 = Debug|Any CPU
		{F0B05144-1EDE-4E79-8151-ABD3A1BCE8B7}.Release|Any CPU.ActiveCfg = Release|Any CPU
		{F0B05144-1EDE-4E79-8151-ABD3A1BCE8B7}.Release|Any CPU.Build.0 = Release|Any CPU
		{0D6894A2-7FEC-4795-8FD0-DA1614513A8C}.Debug|Any CPU.ActiveCfg = Debug|Any CPU
		{0D6894A2-7FEC-4795-8FD0-DA1614513A8C}.Debug|Any CPU.Build.0 = Debug|Any CPU
		{0D6894A2-7FEC-4795-8FD0-DA1614513A8C}.Release|Any CPU.ActiveCfg = Release|Any CPU
		{0D6894A2-7FEC-4795-8FD0-DA1614513A8C}.Release|Any CPU.Build.0 = Release|Any CPU
		{1D1CBDED-F895-42B7-A4B4-3D60F49058E5}.Debug|Any CPU.ActiveCfg = Debug|Any CPU
		{1D1CBDED-F895-42B7-A4B4-3D60F49058E5}.Debug|Any CPU.Build.0 = Debug|Any CPU
		{1D1CBDED-F895-42B7-A4B4-3D60F49058E5}.Release|Any CPU.ActiveCfg = Release|Any CPU
		{1D1CBDED-F895-42B7-A4B4-3D60F49058E5}.Release|Any CPU.Build.0 = Release|Any CPU
		{C302EC9E-4B2F-4666-8E4B-7C22E31A77C1}.Debug|Any CPU.ActiveCfg = Debug|Any CPU
		{C302EC9E-4B2F-4666-8E4B-7C22E31A77C1}.Debug|Any CPU.Build.0 = Debug|Any CPU
		{C302EC9E-4B2F-4666-8E4B-7C22E31A77C1}.Release|Any CPU.ActiveCfg = Release|Any CPU
		{C302EC9E-4B2F-4666-8E4B-7C22E31A77C1}.Release|Any CPU.Build.0 = Release|Any CPU
		{ACA5B222-9CCC-416F-8CE6-0493DBFC0F4F}.Debug|Any CPU.ActiveCfg = Debug|Any CPU
		{ACA5B222-9CCC-416F-8CE6-0493DBFC0F4F}.Debug|Any CPU.Build.0 = Debug|Any CPU
		{ACA5B222-9CCC-416F-8CE6-0493DBFC0F4F}.Release|Any CPU.ActiveCfg = Release|Any CPU
		{ACA5B222-9CCC-416F-8CE6-0493DBFC0F4F}.Release|Any CPU.Build.0 = Release|Any CPU
		{DD0BFBF7-BF36-4FA5-A663-F423F95C3F07}.Debug|Any CPU.ActiveCfg = Debug|Any CPU
		{DD0BFBF7-BF36-4FA5-A663-F423F95C3F07}.Debug|Any CPU.Build.0 = Debug|Any CPU
		{DD0BFBF7-BF36-4FA5-A663-F423F95C3F07}.Release|Any CPU.ActiveCfg = Release|Any CPU
		{DD0BFBF7-BF36-4FA5-A663-F423F95C3F07}.Release|Any CPU.Build.0 = Release|Any CPU
		{08A0FDCA-11DB-4E55-AF5E-452853DD9766}.Debug|Any CPU.ActiveCfg = Debug|Any CPU
		{08A0FDCA-11DB-4E55-AF5E-452853DD9766}.Debug|Any CPU.Build.0 = Debug|Any CPU
		{08A0FDCA-11DB-4E55-AF5E-452853DD9766}.Release|Any CPU.ActiveCfg = Release|Any CPU
		{08A0FDCA-11DB-4E55-AF5E-452853DD9766}.Release|Any CPU.Build.0 = Release|Any CPU
		{F97A6C0E-DF53-4D22-84D4-252F07F1079F}.Debug|Any CPU.ActiveCfg = Debug|Any CPU
		{F97A6C0E-DF53-4D22-84D4-252F07F1079F}.Debug|Any CPU.Build.0 = Debug|Any CPU
		{F97A6C0E-DF53-4D22-84D4-252F07F1079F}.Release|Any CPU.ActiveCfg = Release|Any CPU
		{F97A6C0E-DF53-4D22-84D4-252F07F1079F}.Release|Any CPU.Build.0 = Release|Any CPU
		{E956FB5C-017A-4192-B175-3EEC5D943A31}.Debug|Any CPU.ActiveCfg = Debug|Any CPU
		{E956FB5C-017A-4192-B175-3EEC5D943A31}.Debug|Any CPU.Build.0 = Debug|Any CPU
		{E956FB5C-017A-4192-B175-3EEC5D943A31}.Release|Any CPU.ActiveCfg = Release|Any CPU
		{E956FB5C-017A-4192-B175-3EEC5D943A31}.Release|Any CPU.Build.0 = Release|Any CPU
	EndGlobalSection
	GlobalSection(SolutionProperties) = preSolution
		HideSolutionNode = FALSE
	EndGlobalSection
	GlobalSection(ExtensibilityGlobals) = postSolution
		SolutionGuid = {EF2D8E55-F200-4342-AEF7-46B4CC75E652}
	EndGlobalSection
EndGlobal
